# This file is automatically @generated by Cargo.
# It is not intended for manual editing.
version = 4

[[package]]
name = "m68k"
version = "0.11.0"
source = "registry+https://github.com/rust-lang/crates.io-index"
checksum = "825375341ee9ceda9695888bb620fe27a0db82eb69005ba7bdb8ebe7d85ae53e"

[[package]]
name = "volamos"
version = "0.1.0"
dependencies = [
 "volamos-core",
]

[[package]]
name = "volamos-core"
version = "0.1.0"
dependencies = [
 "m68k",
]
