# This file is automatically @generated by Cargo.
# It is not intended for manual editing.
version = 4

[[package]]
name = "m68k"
version = "0.10.14"
source = "registry+https://github.com/rust-lang/crates.io-index"
checksum = "6c645c53f1fc33ff9dadbb9e554a1e9b43bc04ea633f8ebf15a167fc604e16f5"

[[package]]
name = "volamos"
version = "0.1.0"
dependencies = [
 "volamos-core",
]

[[package]]
name = "volamos-core"
version = "0.1.0"
dependencies = [
 "m68k",
]
